
Microsoft Visual Studio Solution File, Format Version 12.00
# Visual Studio Version 16
VisualStudioVersion = 16.0.30104.148
MinimumVisualStudioVersion = 10.0.40219.1
Project("{9A19103F-16F7-4668-BE54-9A1E7A4F7556}") = "FrankieFalopa.ConsoleApp", "FrankieFalopa.ConsoleApp\FrankieFalopa.ConsoleApp.csproj", "{7327E235-819C-411B-9202-A66065A0E61B}"
EndProject
Project("{FAE04EC0-301F-11D3-BF4B-00C04F79EFBC}") = "FalopaBot.ConsoleApp", "FalopaBot.ConsoleApp\FalopaBot.ConsoleApp.csproj", "{BCA71153-23F0-4E42-AD5A-68B5A4694BF2}"
EndProject
Global
	GlobalSection(SolutionConfigurationPlatforms) = preSolution
		Debug|Any CPU = Debug|Any CPU
		Release|Any CPU = Release|Any CPU
	EndGlobalSection
	GlobalSection(ProjectConfigurationPlatforms) = postSolution
		{7327E235-819C-411B-9202-A66065A0E61B}.Debug|Any CPU.ActiveCfg = Debug|Any CPU
		{7327E235-819C-411B-9202-A66065A0E61B}.Debug|Any CPU.Build.0 = Debug|Any CPU
		{7327E235-819C-411B-9202-A66065A0E61B}.Release|Any CPU.ActiveCfg = Release|Any CPU
		{7327E235-819C-411B-9202-A66065A0E61B}.Release|Any CPU.Build.0 = Release|Any CPU
		{BCA71153-23F0-4E42-AD5A-68B5A4694BF2}.Debug|Any CPU.ActiveCfg = Debug|Any CPU
		{BCA71153-23F0-4E42-AD5A-68B5A4694BF2}.Debug|Any CPU.Build.0 = Debug|Any CPU
		{BCA71153-23F0-4E42-AD5A-68B5A4694BF2}.Release|Any CPU.ActiveCfg = Release|Any CPU
		{BCA71153-23F0-4E42-AD5A-68B5A4694BF2}.Release|Any CPU.Build.0 = Release|Any CPU
	EndGlobalSection
	GlobalSection(SolutionProperties) = preSolution
		HideSolutionNode = FALSE
	EndGlobalSection
	GlobalSection(ExtensibilityGlobals) = postSolution
		SolutionGuid = {7872AFA2-BFE8-41E0-A0A1-B3914DBBA5EC}
	EndGlobalSection
EndGlobal
